
Microsoft Visual Studio Solution File, Format Version 12.00
# Visual Studio Version 16
VisualStudioVersion = 16.0.28803.452
MinimumVisualStudioVersion = 10.0.40219.1
Project("{FAE04EC0-301F-11D3-BF4B-00C04F79EFBC}") = "Rubinator3000", "Rubinator3000\Rubinator3000.csproj", "{EE9CCB23-C067-452D-82A8-136418076817}"
EndProject
Project("{FAE04EC0-301F-11D3-BF4B-00C04F79EFBC}") = "CubeLibrary", "CubeLibrary\CubeLibrary.csproj", "{EE7BE062-1B7B-4346-A9EE-60111A298C0F}"
EndProject
Global
	GlobalSection(SolutionConfigurationPlatforms) = preSolution
		Debug|Any CPU = Debug|Any CPU
		Release|Any CPU = Release|Any CPU
	EndGlobalSection
	GlobalSection(ProjectConfigurationPlatforms) = postSolution
		{EE9CCB23-C067-452D-82A8-136418076817}.Debug|Any CPU.ActiveCfg = Debug|Any CPU
		{EE9CCB23-C067-452D-82A8-136418076817}.Debug|Any CPU.Build.0 = Debug|Any CPU
		{EE9CCB23-C067-452D-82A8-136418076817}.Release|Any CPU.ActiveCfg = Release|Any CPU
		{EE9CCB23-C067-452D-82A8-136418076817}.Release|Any CPU.Build.0 = Release|Any CPU
		{EE7BE062-1B7B-4346-A9EE-60111A298C0F}.Debug|Any CPU.ActiveCfg = Debug|Any CPU
		{EE7BE062-1B7B-4346-A9EE-60111A298C0F}.Debug|Any CPU.Build.0 = Debug|Any CPU
		{EE7BE062-1B7B-4346-A9EE-60111A298C0F}.Release|Any CPU.ActiveCfg = Release|Any CPU
		{EE7BE062-1B7B-4346-A9EE-60111A298C0F}.Release|Any CPU.Build.0 = Release|Any CPU
	EndGlobalSection
	GlobalSection(SolutionProperties) = preSolution
		HideSolutionNode = FALSE
	EndGlobalSection
	GlobalSection(ExtensibilityGlobals) = postSolution
		SolutionGuid = {B9087E8C-8BB9-480A-B3CC-92CD7EEBEEF0}
	EndGlobalSection
EndGlobal
